
Microsoft Visual Studio Solution File, Format Version 12.00
# Visual Studio 15
VisualStudioVersion = 15.0.27130.2027
MinimumVisualStudioVersion = 10.0.40219.1
Project("{8BC9CEB8-8B4A-11D0-8D11-00A0C91BC942}") = "TotalControl", "TotalControl.vcxproj", "{167444F0-6D30-467F-9418-933CDDE44E74}"
EndProject
Global
	GlobalSection(SolutionConfigurationPlatforms) = preSolution
		Debug|x64 = Debug|x64
		Debug|x86 = Debug|x86
		Release|x64 = Release|x64
		Release|x86 = Release|x86
	EndGlobalSection
	GlobalSection(ProjectConfigurationPlatforms) = postSolution
		{167444F0-6D30-467F-9418-933CDDE44E74}.Debug|x64.ActiveCfg = Debug|x64
		{167444F0-6D30-467F-9418-933CDDE44E74}.Debug|x64.Build.0 = Debug|x64
		{167444F0-6D30-467F-9418-933CDDE44E74}.Debug|x86.ActiveCfg = Debug|Win32
		{167444F0-6D30-467F-9418-933CDDE44E74}.Debug|x86.Build.0 = Debug|Win32
		{167444F0-6D30-467F-9418-933CDDE44E74}.Release|x64.ActiveCfg = Release|x64
		{167444F0-6D30-467F-9418-933CDDE44E74}.Release|x64.Build.0 = Release|x64
		{167444F0-6D30-467F-9418-933CDDE44E74}.Release|x86.ActiveCfg = Release|Win32
		{167444F0-6D30-467F-9418-933CDDE44E74}.Release|x86.Build.0 = Release|Win32
	EndGlobalSection
	GlobalSection(SolutionProperties) = preSolution
		HideSolutionNode = FALSE
	EndGlobalSection
	GlobalSection(ExtensibilityGlobals) = postSolution
		SolutionGuid = {FCF9C7F5-C20E-49B3-BACB-125746384045}
	EndGlobalSection
EndGlobal
